{
  "name": "temp",
  "version": "1.0.0",
  "lockfileVersion": 1,
  "dependencies": {
    "screen-clear": {
      "version": "1.0.13",
      "resolved": "https://registry.npmjs.org/screen-clear/-/screen-clear-1.0.13.tgz",
      "integrity": "sha512-SgX0M3qzDmVCaQezi8mkhwx3ZxuP02zfI94xkYycp+axNwrBU42SaJjmFLgspQ/KheoU1C9Kl5b9KSc7mkh6bQ==",
      "dev": true
    }
  }
}
